
Microsoft Visual Studio Solution File, Format Version 12.00
# Visual Studio Version 17
VisualStudioVersion = 17.8.34316.72
MinimumVisualStudioVersion = 10.0.40219.1
Project("{FAE04EC0-301F-11D3-BF4B-00C04F79EFBC}") = "Hospital", "Hospital\Hospital.csproj", "{1173EE04-BB05-4EF8-9005-C18FD8A6F167}"
EndProject
Global
	GlobalSection(SolutionConfigurationPlatforms) = preSolution
		Debug|Any CPU = Debug|Any CPU
		Release|Any CPU = Release|Any CPU
	EndGlobalSection
	GlobalSection(ProjectConfigurationPlatforms) = postSolution
		{1173EE04-BB05-4EF8-9005-C18FD8A6F167}.Debug|Any CPU.ActiveCfg = Debug|Any CPU
		{1173EE04-BB05-4EF8-9005-C18FD8A6F167}.Debug|Any CPU.Build.0 = Debug|Any CPU
		{1173EE04-BB05-4EF8-9005-C18FD8A6F167}.Release|Any CPU.ActiveCfg = Release|Any CPU
		{1173EE04-BB05-4EF8-9005-C18FD8A6F167}.Release|Any CPU.Build.0 = Release|Any CPU
	EndGlobalSection
	GlobalSection(SolutionProperties) = preSolution
		HideSolutionNode = FALSE
	EndGlobalSection
	GlobalSection(ExtensibilityGlobals) = postSolution
		SolutionGuid = {557D581F-F55E-45D0-98DE-921D9D328C9B}
	EndGlobalSection
EndGlobal
